
Microsoft Visual Studio Solution File, Format Version 12.00
# Visual Studio Version 16
VisualStudioVersion = 16.0.29806.167
MinimumVisualStudioVersion = 10.0.40219.1
Project("{FAE04EC0-301F-11D3-BF4B-00C04F79EFBC}") = "BH.Tests", "BH.Tests\BH.Tests.csproj", "{0CAEF305-E916-423F-A67A-8EAF9780D1FC}"
EndProject
Project("{FAE04EC0-301F-11D3-BF4B-00C04F79EFBC}") = "BH.Web", "BH.Web\BH.Web.csproj", "{C8AFBC48-850A-44B7-BF10-94D5425516D6}"
EndProject
Project("{8BC9CEB8-8B4A-11D0-8D11-00A0C91BC942}") = "FTSearch", "FTSearch\FTSearch.vcxproj", "{69A1675E-C3BB-4E6A-9E40-094F383A5D26}"
EndProject
Project("{54435603-DBB4-11D2-8724-00A0C9A8B90C}") = "BH.SetupWinService", "BH.SetupWinService\BH.SetupWinService.vdproj", "{56347025-279F-4FD4-B804-4908F2D46892}"
EndProject
Project("{54435603-DBB4-11D2-8724-00A0C9A8B90C}") = "BH.SetupWebSite", "BH.SetupWebSite\BH.SetupWebSite.vdproj", "{D9DDF83C-A8F6-4FB9-BEEC-8F4160CA75CC}"
EndProject
Project("{9A19103F-16F7-4668-BE54-9A1E7A4F7556}") = "BH.REST", "BH.REST\BH.REST.csproj", "{81C391DD-13D9-4259-BAD6-71304C40D5F8}"
EndProject
Project("{9A19103F-16F7-4668-BE54-9A1E7A4F7556}") = "BH.WorkerService", "BH.WorkerService\BH.WorkerService.csproj", "{FC43F996-3023-4F07-88AB-A6D96EC18CC1}"
EndProject
Project("{9A19103F-16F7-4668-BE54-9A1E7A4F7556}") = "BH.FTServer", "BH.FTServer\BH.FTServer.csproj", "{E0305C65-49BF-4922-B433-B507464E5127}"
EndProject
Project("{9A19103F-16F7-4668-BE54-9A1E7A4F7556}") = "BH.BaseRobot", "BH.BaseRobot\BH.BaseRobot.csproj", "{8A9B7914-E0E9-443C-B9E1-BE373BE96A95}"
EndProject
Project("{FAE04EC0-301F-11D3-BF4B-00C04F79EFBC}") = "BH.BoobenRobot", "BH.BoobenRobot\BH.BoobenRobot.csproj", "{405F9C80-932F-42F9-8ECF-E36B87C9CACC}"
EndProject
Project("{FAE04EC0-301F-11D3-BF4B-00C04F79EFBC}") = "BH.ExampleRobot", "BH.ExampleRobot\BH.ExampleRobot.csproj", "{9B85EA06-8EF9-4C4A-BE53-0352D01622E4}"
EndProject
Global
	GlobalSection(SolutionConfigurationPlatforms) = preSolution
		Debug|Any CPU = Debug|Any CPU
		Debug|x64 = Debug|x64
		Release|Any CPU = Release|Any CPU
		Release|x64 = Release|x64
	EndGlobalSection
	GlobalSection(ProjectConfigurationPlatforms) = postSolution
		{0CAEF305-E916-423F-A67A-8EAF9780D1FC}.Debug|Any CPU.ActiveCfg = Debug|x64
		{0CAEF305-E916-423F-A67A-8EAF9780D1FC}.Debug|Any CPU.Build.0 = Debug|x64
		{0CAEF305-E916-423F-A67A-8EAF9780D1FC}.Debug|x64.ActiveCfg = Debug|x64
		{0CAEF305-E916-423F-A67A-8EAF9780D1FC}.Debug|x64.Build.0 = Debug|x64
		{0CAEF305-E916-423F-A67A-8EAF9780D1FC}.Release|Any CPU.ActiveCfg = Release|x86
		{0CAEF305-E916-423F-A67A-8EAF9780D1FC}.Release|x64.ActiveCfg = Release|x64
		{0CAEF305-E916-423F-A67A-8EAF9780D1FC}.Release|x64.Build.0 = Release|x64
		{C8AFBC48-850A-44B7-BF10-94D5425516D6}.Debug|Any CPU.ActiveCfg = Debug|Any CPU
		{C8AFBC48-850A-44B7-BF10-94D5425516D6}.Debug|Any CPU.Build.0 = Debug|Any CPU
		{C8AFBC48-850A-44B7-BF10-94D5425516D6}.Debug|x64.ActiveCfg = Debug|x64
		{C8AFBC48-850A-44B7-BF10-94D5425516D6}.Debug|x64.Build.0 = Debug|x64
		{C8AFBC48-850A-44B7-BF10-94D5425516D6}.Release|Any CPU.ActiveCfg = Release|Any CPU
		{C8AFBC48-850A-44B7-BF10-94D5425516D6}.Release|Any CPU.Build.0 = Release|Any CPU
		{C8AFBC48-850A-44B7-BF10-94D5425516D6}.Release|x64.ActiveCfg = Release|x64
		{C8AFBC48-850A-44B7-BF10-94D5425516D6}.Release|x64.Build.0 = Release|x64
		{69A1675E-C3BB-4E6A-9E40-094F383A5D26}.Debug|Any CPU.ActiveCfg = Debug|x64
		{69A1675E-C3BB-4E6A-9E40-094F383A5D26}.Debug|Any CPU.Build.0 = Debug|x64
		{69A1675E-C3BB-4E6A-9E40-094F383A5D26}.Debug|x64.ActiveCfg = Debug|x64
		{69A1675E-C3BB-4E6A-9E40-094F383A5D26}.Debug|x64.Build.0 = Debug|x64
		{69A1675E-C3BB-4E6A-9E40-094F383A5D26}.Release|Any CPU.ActiveCfg = Release|Win32
		{69A1675E-C3BB-4E6A-9E40-094F383A5D26}.Release|x64.ActiveCfg = Release|x64
		{69A1675E-C3BB-4E6A-9E40-094F383A5D26}.Release|x64.Build.0 = Release|x64
		{56347025-279F-4FD4-B804-4908F2D46892}.Debug|Any CPU.ActiveCfg = Debug
		{56347025-279F-4FD4-B804-4908F2D46892}.Debug|x64.ActiveCfg = Debug
		{56347025-279F-4FD4-B804-4908F2D46892}.Release|Any CPU.ActiveCfg = Release
		{56347025-279F-4FD4-B804-4908F2D46892}.Release|x64.ActiveCfg = Release
		{D9DDF83C-A8F6-4FB9-BEEC-8F4160CA75CC}.Debug|Any CPU.ActiveCfg = Debug
		{D9DDF83C-A8F6-4FB9-BEEC-8F4160CA75CC}.Debug|x64.ActiveCfg = Debug
		{D9DDF83C-A8F6-4FB9-BEEC-8F4160CA75CC}.Release|Any CPU.ActiveCfg = Release
		{D9DDF83C-A8F6-4FB9-BEEC-8F4160CA75CC}.Release|x64.ActiveCfg = Release
		{81C391DD-13D9-4259-BAD6-71304C40D5F8}.Debug|Any CPU.ActiveCfg = Debug|Any CPU
		{81C391DD-13D9-4259-BAD6-71304C40D5F8}.Debug|Any CPU.Build.0 = Debug|Any CPU
		{81C391DD-13D9-4259-BAD6-71304C40D5F8}.Debug|x64.ActiveCfg = Debug|Any CPU
		{81C391DD-13D9-4259-BAD6-71304C40D5F8}.Debug|x64.Build.0 = Debug|Any CPU
		{81C391DD-13D9-4259-BAD6-71304C40D5F8}.Release|Any CPU.ActiveCfg = Release|Any CPU
		{81C391DD-13D9-4259-BAD6-71304C40D5F8}.Release|Any CPU.Build.0 = Release|Any CPU
		{81C391DD-13D9-4259-BAD6-71304C40D5F8}.Release|x64.ActiveCfg = Release|Any CPU
		{81C391DD-13D9-4259-BAD6-71304C40D5F8}.Release|x64.Build.0 = Release|Any CPU
		{FC43F996-3023-4F07-88AB-A6D96EC18CC1}.Debug|Any CPU.ActiveCfg = Debug|Any CPU
		{FC43F996-3023-4F07-88AB-A6D96EC18CC1}.Debug|Any CPU.Build.0 = Debug|Any CPU
		{FC43F996-3023-4F07-88AB-A6D96EC18CC1}.Debug|x64.ActiveCfg = Debug|Any CPU
		{FC43F996-3023-4F07-88AB-A6D96EC18CC1}.Debug|x64.Build.0 = Debug|Any CPU
		{FC43F996-3023-4F07-88AB-A6D96EC18CC1}.Release|Any CPU.ActiveCfg = Release|Any CPU
		{FC43F996-3023-4F07-88AB-A6D96EC18CC1}.Release|Any CPU.Build.0 = Release|Any CPU
		{FC43F996-3023-4F07-88AB-A6D96EC18CC1}.Release|x64.ActiveCfg = Release|Any CPU
		{FC43F996-3023-4F07-88AB-A6D96EC18CC1}.Release|x64.Build.0 = Release|Any CPU
		{E0305C65-49BF-4922-B433-B507464E5127}.Debug|Any CPU.ActiveCfg = Debug|Any CPU
		{E0305C65-49BF-4922-B433-B507464E5127}.Debug|Any CPU.Build.0 = Debug|Any CPU
		{E0305C65-49BF-4922-B433-B507464E5127}.Debug|x64.ActiveCfg = Debug|Any CPU
		{E0305C65-49BF-4922-B433-B507464E5127}.Debug|x64.Build.0 = Debug|Any CPU
		{E0305C65-49BF-4922-B433-B507464E5127}.Release|Any CPU.ActiveCfg = Release|Any CPU
		{E0305C65-49BF-4922-B433-B507464E5127}.Release|Any CPU.Build.0 = Release|Any CPU
		{E0305C65-49BF-4922-B433-B507464E5127}.Release|x64.ActiveCfg = Release|Any CPU
		{E0305C65-49BF-4922-B433-B507464E5127}.Release|x64.Build.0 = Release|Any CPU
		{8A9B7914-E0E9-443C-B9E1-BE373BE96A95}.Debug|Any CPU.ActiveCfg = Debug|Any CPU
		{8A9B7914-E0E9-443C-B9E1-BE373BE96A95}.Debug|Any CPU.Build.0 = Debug|Any CPU
		{8A9B7914-E0E9-443C-B9E1-BE373BE96A95}.Debug|x64.ActiveCfg = Debug|Any CPU
		{8A9B7914-E0E9-443C-B9E1-BE373BE96A95}.Debug|x64.Build.0 = Debug|Any CPU
		{8A9B7914-E0E9-443C-B9E1-BE373BE96A95}.Release|Any CPU.ActiveCfg = Release|Any CPU
		{8A9B7914-E0E9-443C-B9E1-BE373BE96A95}.Release|Any CPU.Build.0 = Release|Any CPU
		{8A9B7914-E0E9-443C-B9E1-BE373BE96A95}.Release|x64.ActiveCfg = Release|Any CPU
		{8A9B7914-E0E9-443C-B9E1-BE373BE96A95}.Release|x64.Build.0 = Release|Any CPU
		{405F9C80-932F-42F9-8ECF-E36B87C9CACC}.Debug|Any CPU.ActiveCfg = Debug|Any CPU
		{405F9C80-932F-42F9-8ECF-E36B87C9CACC}.Debug|Any CPU.Build.0 = Debug|Any CPU
		{405F9C80-932F-42F9-8ECF-E36B87C9CACC}.Debug|x64.ActiveCfg = Debug|Any CPU
		{405F9C80-932F-42F9-8ECF-E36B87C9CACC}.Debug|x64.Build.0 = Debug|Any CPU
		{405F9C80-932F-42F9-8ECF-E36B87C9CACC}.Release|Any CPU.ActiveCfg = Release|Any CPU
		{405F9C80-932F-42F9-8ECF-E36B87C9CACC}.Release|Any CPU.Build.0 = Release|Any CPU
		{405F9C80-932F-42F9-8ECF-E36B87C9CACC}.Release|x64.ActiveCfg = Release|Any CPU
		{405F9C80-932F-42F9-8ECF-E36B87C9CACC}.Release|x64.Build.0 = Release|Any CPU
		{9B85EA06-8EF9-4C4A-BE53-0352D01622E4}.Debug|Any CPU.ActiveCfg = Debug|Any CPU
		{9B85EA06-8EF9-4C4A-BE53-0352D01622E4}.Debug|Any CPU.Build.0 = Debug|Any CPU
		{9B85EA06-8EF9-4C4A-BE53-0352D01622E4}.Debug|x64.ActiveCfg = Debug|Any CPU
		{9B85EA06-8EF9-4C4A-BE53-0352D01622E4}.Debug|x64.Build.0 = Debug|Any CPU
		{9B85EA06-8EF9-4C4A-BE53-0352D01622E4}.Release|Any CPU.ActiveCfg = Release|Any CPU
		{9B85EA06-8EF9-4C4A-BE53-0352D01622E4}.Release|Any CPU.Build.0 = Release|Any CPU
		{9B85EA06-8EF9-4C4A-BE53-0352D01622E4}.Release|x64.ActiveCfg = Release|Any CPU
		{9B85EA06-8EF9-4C4A-BE53-0352D01622E4}.Release|x64.Build.0 = Release|Any CPU
	EndGlobalSection
	GlobalSection(SolutionProperties) = preSolution
		HideSolutionNode = FALSE
	EndGlobalSection
	GlobalSection(ExtensibilityGlobals) = postSolution
		SolutionGuid = {F2871A96-AF83-4D65-9400-7DF142827C36}
	EndGlobalSection
EndGlobal
